{
    "_readme": [
        "This file locks the dependencies of your project to a known state",
        "Read more about it at https://getcomposer.org/doc/01-basic-usage.md#installing-dependencies",
        "This file is @generated automatically"
    ],
    "content-hash": "70e92184fdc371b4ffc760bf20cf426a",
    "packages": [
        {
            "name": "r2-packages/framework",
            "version": "dev-main",
            "source": {
                "type": "git",
                "url": "https://github.com/easymagic/r2-packages.git",
                "reference": "2f48e24bca4ad61c9ea5925a2cafbe6f138e079e"
            },
            "dist": {
                "type": "zip",
                "url": "https://api.github.com/repos/easymagic/r2-packages/zipball/2f48e24bca4ad61c9ea5925a2cafbe6f138e079e",
                "reference": "2f48e24bca4ad61c9ea5925a2cafbe6f138e079e",
                "shasum": ""
            },
            "require": {
                "php": ">=7.4"
            },
            "default-branch": true,
            "type": "project",
            "autoload": {
                "psr-4": {
                    "R2Packages\\Framework\\": "framework/src/"
                }
            },
            "notification-url": "https://packagist.org/downloads/",
            "license": [
                "MIT"
            ],
            "description": "A simple reusable PHP package",
            "support": {
                "issues": "https://github.com/easymagic/r2-packages/issues",
                "source": "https://github.com/easymagic/r2-packages/tree/main"
            },
            "time": "2026-08-12T23:41:23+00:00"
        }
    ],
    "packages-dev": [],
    "aliases": [],
    "minimum-stability": "stable",
    "stability-flags": {
        "r2-packages/framework": 20
    },
    "prefer-stable": false,
    "prefer-lowest": false,
    "platform": {
        "php": ">=5.6.0"
    },
    "platform-dev": {},
    "plugin-api-version": "2.9.0"
}
